
Microsoft Visual Studio Solution File, Format Version 12.00
# Visual Studio Version 17
VisualStudioVersion = 17.0.32112.339
MinimumVisualStudioVersion = 10.0.40219.1
Project("{FAE04EC0-301F-11D3-BF4B-00C04F79EFBC}") = "ModelTest", "ModelTest\ModelTest.csproj", "{705C2044-DD12-4E41-AC08-4EAED49BB065}"
EndProject
Project("{FAE04EC0-301F-11D3-BF4B-00C04F79EFBC}") = "ApiTest", "ApiTest\ApiTest.csproj", "{5C2F46C5-06DC-412A-8467-79A6FB84337B}"
EndProject
Global
	GlobalSection(SolutionConfigurationPlatforms) = preSolution
		Debug|Any CPU = Debug|Any CPU
		Release|Any CPU = Release|Any CPU
	EndGlobalSection
	GlobalSection(ProjectConfigurationPlatforms) = postSolution
		{705C2044-DD12-4E41-AC08-4EAED49BB065}.Debug|Any CPU.ActiveCfg = Debug|Any CPU
		{705C2044-DD12-4E41-AC08-4EAED49BB065}.Debug|Any CPU.Build.0 = Debug|Any CPU
		{705C2044-DD12-4E41-AC08-4EAED49BB065}.Release|Any CPU.ActiveCfg = Release|Any CPU
		{705C2044-DD12-4E41-AC08-4EAED49BB065}.Release|Any CPU.Build.0 = Release|Any CPU
		{5C2F46C5-06DC-412A-8467-79A6FB84337B}.Debug|Any CPU.ActiveCfg = Debug|Any CPU
		{5C2F46C5-06DC-412A-8467-79A6FB84337B}.Debug|Any CPU.Build.0 = Debug|Any CPU
		{5C2F46C5-06DC-412A-8467-79A6FB84337B}.Release|Any CPU.ActiveCfg = Release|Any CPU
		{5C2F46C5-06DC-412A-8467-79A6FB84337B}.Release|Any CPU.Build.0 = Release|Any CPU
	EndGlobalSection
	GlobalSection(SolutionProperties) = preSolution
		HideSolutionNode = FALSE
	EndGlobalSection
	GlobalSection(ExtensibilityGlobals) = postSolution
		SolutionGuid = {F8B85984-B960-4BA0-B58A-C98FEBC2BA68}
	EndGlobalSection
EndGlobal
